
Microsoft Visual Studio Solution File, Format Version 12.00
# Visual Studio Version 16
VisualStudioVersion = 16.0.31424.327
MinimumVisualStudioVersion = 10.0.40219.1
Project("{9A19103F-16F7-4668-BE54-9A1E7A4F7556}") = "BOOP_01_01", "BOOP_01_01\BOOP_01_01.csproj", "{2ED1BDF7-7CD9-4F5C-8F96-C3FF154BE8D3}"
EndProject
Project("{9A19103F-16F7-4668-BE54-9A1E7A4F7556}") = "BOOP_01_02", "BOOP_01_02\BOOP_01_02.csproj", "{1F42024E-88A7-4BA6-83D4-21BBBE303E65}"
EndProject
Project("{9A19103F-16F7-4668-BE54-9A1E7A4F7556}") = "BOOP_01_03", "BOOP_01_03\BOOP_01_03.csproj", "{AF424FEA-11A2-4B07-BBEA-E719B97E6BB3}"
EndProject
Project("{9A19103F-16F7-4668-BE54-9A1E7A4F7556}") = "BOOP_01_04", "BOOP_01_04\BOOP_01_04.csproj", "{2099466F-7EBC-4990-AB73-A7AA670AE9DE}"
EndProject
Project("{9A19103F-16F7-4668-BE54-9A1E7A4F7556}") = "BOOP_01_05", "BOOP_01_05\BOOP_01_05.csproj", "{2DB1239E-102F-4062-8FA1-62AA594926AF}"
EndProject
Project("{9A19103F-16F7-4668-BE54-9A1E7A4F7556}") = "BOOP_01_06", "BOOP_01_06\BOOP_01_06.csproj", "{E26F6920-E444-4066-B2A5-82419F3B940F}"
EndProject
Project("{9A19103F-16F7-4668-BE54-9A1E7A4F7556}") = "BOOP_01_07", "BOOP_01_07\BOOP_01_07.csproj", "{67D5AEC3-6395-4853-8D69-50AFC8CCB095}"
EndProject
Project("{9A19103F-16F7-4668-BE54-9A1E7A4F7556}") = "BOOP_01_08", "BOOP_01_08\BOOP_01_08.csproj", "{E6279288-5ED1-4C35-B255-C3FED93364A6}"
EndProject
Project("{9A19103F-16F7-4668-BE54-9A1E7A4F7556}") = "BOOP_01_09", "BOOP_01_09\BOOP_01_09.csproj", "{7DDB1201-8DEB-4AEE-ABAD-84A4DA01E13D}"
EndProject
Project("{9A19103F-16F7-4668-BE54-9A1E7A4F7556}") = "BOOP_01_10", "BOOP_01_10\BOOP_01_10.csproj", "{6FC9EDDE-86FF-4F8F-BAC8-488AB2D5F0EA}"
EndProject
Project("{9A19103F-16F7-4668-BE54-9A1E7A4F7556}") = "BOOP_01_11", "BOOP_01_11\BOOP_01_11.csproj", "{401277CD-EE0B-4C87-9203-9431A96E9F17}"
EndProject
Project("{9A19103F-16F7-4668-BE54-9A1E7A4F7556}") = "BOOP_01_11a", "BOOP_01_11a\BOOP_01_11a.csproj", "{CA1837B3-C2A6-4142-95D4-EBCA3AE93A9B}"
EndProject
Project("{9A19103F-16F7-4668-BE54-9A1E7A4F7556}") = "BOOP_01_11b", "BOOP_01_11b\BOOP_01_11b.csproj", "{2E2591C1-30E6-4317-92D4-A70FAA7DBD77}"
EndProject
Project("{9A19103F-16F7-4668-BE54-9A1E7A4F7556}") = "BOOP_01_11c", "BOOP_01_11c\BOOP_01_11c.csproj", "{B91DAC50-B9A6-4B3D-98CB-555EA6DB6639}"
EndProject
Project("{9A19103F-16F7-4668-BE54-9A1E7A4F7556}") = "BOOP_01_11d", "BOOP_01_11d\BOOP_01_11d.csproj", "{0200C9E9-5B2C-43DE-AE49-04A3F29061B0}"
EndProject
Project("{9A19103F-16F7-4668-BE54-9A1E7A4F7556}") = "BOOP_01_12", "BOOP_01_12\BOOP_01_12.csproj", "{83C50108-9B82-40A9-93C9-A3DAAA48A4C2}"
EndProject
Project("{9A19103F-16F7-4668-BE54-9A1E7A4F7556}") = "BOOP_01_13", "BOOP_01_13\BOOP_01_13.csproj", "{080BABE8-D84F-4A9E-8282-04C3A1C9AA7C}"
EndProject
Project("{9A19103F-16F7-4668-BE54-9A1E7A4F7556}") = "BOOP_01_14", "BOOP_01_14\BOOP_01_14.csproj", "{1BC8CA12-6634-4811-BBC4-F4CF9CE12C6E}"
EndProject
Project("{9A19103F-16F7-4668-BE54-9A1E7A4F7556}") = "BOOP_01_15", "BOOP_01_15\BOOP_01_15.csproj", "{4A3F0918-0EA9-4A8B-A240-1B66E19B6CC3}"
EndProject
Project("{9A19103F-16F7-4668-BE54-9A1E7A4F7556}") = "BOOP_01_16", "BOOP_01_16\BOOP_01_16.csproj", "{91DE44FC-B994-4E22-B508-43F69928671C}"
EndProject
Project("{9A19103F-16F7-4668-BE54-9A1E7A4F7556}") = "BOOP_01_17", "BOOP_01_17\BOOP_01_17.csproj", "{B9153732-F8CF-40D8-9746-DE7CFEA14CDB}"
EndProject
Project("{9A19103F-16F7-4668-BE54-9A1E7A4F7556}") = "BOOP_01_18", "BOOP_01_18\BOOP_01_18.csproj", "{079BBCEC-46D8-40CE-B649-94F8A1F95122}"
EndProject
Project("{9A19103F-16F7-4668-BE54-9A1E7A4F7556}") = "BOOP_01_19", "BOOP_01_19\BOOP_01_19.csproj", "{35655D8C-5FF8-42A4-9E83-FF7ACB542FF4}"
EndProject
Project("{9A19103F-16F7-4668-BE54-9A1E7A4F7556}") = "BOOP_01_01a", "BOOP_01_01a\BOOP_01_01a.csproj", "{FFBFE028-5FA2-4E88-8519-5D406A1B36C7}"
EndProject
Project("{9A19103F-16F7-4668-BE54-9A1E7A4F7556}") = "BOOP_01_01b", "BOOP_01_01b\BOOP_01_01b.csproj", "{7F68B11A-94FC-48DE-A077-86F71349574D}"
EndProject
Project("{FAE04EC0-301F-11D3-BF4B-00C04F79EFBC}") = "BOOP_01_14a", "BOOP_01_14a\BOOP_01_14a.csproj", "{A3965669-E7C2-42C2-8CC5-99A0EEFD61F8}"
EndProject
Global
	GlobalSection(SolutionConfigurationPlatforms) = preSolution
		Debug|Any CPU = Debug|Any CPU
		Release|Any CPU = Release|Any CPU
	EndGlobalSection
	GlobalSection(ProjectConfigurationPlatforms) = postSolution
		{2ED1BDF7-7CD9-4F5C-8F96-C3FF154BE8D3}.Debug|Any CPU.ActiveCfg = Debug|Any CPU
		{2ED1BDF7-7CD9-4F5C-8F96-C3FF154BE8D3}.Debug|Any CPU.Build.0 = Debug|Any CPU
		{2ED1BDF7-7CD9-4F5C-8F96-C3FF154BE8D3}.Release|Any CPU.ActiveCfg = Release|Any CPU
		{2ED1BDF7-7CD9-4F5C-8F96-C3FF154BE8D3}.Release|Any CPU.Build.0 = Release|Any CPU
		{1F42024E-88A7-4BA6-83D4-21BBBE303E65}.Debug|Any CPU.ActiveCfg = Debug|Any CPU
		{1F42024E-88A7-4BA6-83D4-21BBBE303E65}.Debug|Any CPU.Build.0 = Debug|Any CPU
		{1F42024E-88A7-4BA6-83D4-21BBBE303E65}.Release|Any CPU.ActiveCfg = Release|Any CPU
		{1F42024E-88A7-4BA6-83D4-21BBBE303E65}.Release|Any CPU.Build.0 = Release|Any CPU
		{AF424FEA-11A2-4B07-BBEA-E719B97E6BB3}.Debug|Any CPU.ActiveCfg = Debug|Any CPU
		{AF424FEA-11A2-4B07-BBEA-E719B97E6BB3}.Debug|Any CPU.Build.0 = Debug|Any CPU
		{AF424FEA-11A2-4B07-BBEA-E719B97E6BB3}.Release|Any CPU.ActiveCfg = Release|Any CPU
		{AF424FEA-11A2-4B07-BBEA-E719B97E6BB3}.Release|Any CPU.Build.0 = Release|Any CPU
		{2099466F-7EBC-4990-AB73-A7AA670AE9DE}.Debug|Any CPU.ActiveCfg = Debug|Any CPU
		{2099466F-7EBC-4990-AB73-A7AA670AE9DE}.Debug|Any CPU.Build.0 = Debug|Any CPU
		{2099466F-7EBC-4990-AB73-A7AA670AE9DE}.Release|Any CPU.ActiveCfg = Release|Any CPU
		{2099466F-7EBC-4990-AB73-A7AA670AE9DE}.Release|Any CPU.Build.0 = Release|Any CPU
		{2DB1239E-102F-4062-8FA1-62AA594926AF}.Debug|Any CPU.ActiveCfg = Debug|Any CPU
		{2DB1239E-102F-4062-8FA1-62AA594926AF}.Debug|Any CPU.Build.0 = Debug|Any CPU
		{2DB1239E-102F-4062-8FA1-62AA594926AF}.Release|Any CPU.ActiveCfg = Release|Any CPU
		{2DB1239E-102F-4062-8FA1-62AA594926AF}.Release|Any CPU.Build.0 = Release|Any CPU
		{E26F6920-E444-4066-B2A5-82419F3B940F}.Debug|Any CPU.ActiveCfg = Debug|Any CPU
		{E26F6920-E444-4066-B2A5-82419F3B940F}.Debug|Any CPU.Build.0 = Debug|Any CPU
		{E26F6920-E444-4066-B2A5-82419F3B940F}.Release|Any CPU.ActiveCfg = Release|Any CPU
		{E26F6920-E444-4066-B2A5-82419F3B940F}.Release|Any CPU.Build.0 = Release|Any CPU
		{67D5AEC3-6395-4853-8D69-50AFC8CCB095}.Debug|Any CPU.ActiveCfg = Debug|Any CPU
		{67D5AEC3-6395-4853-8D69-50AFC8CCB095}.Debug|Any CPU.Build.0 = Debug|Any CPU
		{67D5AEC3-6395-4853-8D69-50AFC8CCB095}.Release|Any CPU.ActiveCfg = Release|Any CPU
		{67D5AEC3-6395-4853-8D69-50AFC8CCB095}.Release|Any CPU.Build.0 = Release|Any CPU
		{E6279288-5ED1-4C35-B255-C3FED93364A6}.Debug|Any CPU.ActiveCfg = Debug|Any CPU
		{E6279288-5ED1-4C35-B255-C3FED93364A6}.Debug|Any CPU.Build.0 = Debug|Any CPU
		{E6279288-5ED1-4C35-B255-C3FED93364A6}.Release|Any CPU.ActiveCfg = Release|Any CPU
		{E6279288-5ED1-4C35-B255-C3FED93364A6}.Release|Any CPU.Build.0 = Release|Any CPU
		{7DDB1201-8DEB-4AEE-ABAD-84A4DA01E13D}.Debug|Any CPU.ActiveCfg = Debug|Any CPU
		{7DDB1201-8DEB-4AEE-ABAD-84A4DA01E13D}.Debug|Any CPU.Build.0 = Debug|Any CPU
		{7DDB1201-8DEB-4AEE-ABAD-84A4DA01E13D}.Release|Any CPU.ActiveCfg = Release|Any CPU
		{7DDB1201-8DEB-4AEE-ABAD-84A4DA01E13D}.Release|Any CPU.Build.0 = Release|Any CPU
		{6FC9EDDE-86FF-4F8F-BAC8-488AB2D5F0EA}.Debug|Any CPU.ActiveCfg = Debug|Any CPU
		{6FC9EDDE-86FF-4F8F-BAC8-488AB2D5F0EA}.Debug|Any CPU.Build.0 = Debug|Any CPU
		{6FC9EDDE-86FF-4F8F-BAC8-488AB2D5F0EA}.Release|Any CPU.ActiveCfg = Release|Any CPU
		{6FC9EDDE-86FF-4F8F-BAC8-488AB2D5F0EA}.Release|Any CPU.Build.0 = Release|Any CPU
		{401277CD-EE0B-4C87-9203-9431A96E9F17}.Debug|Any CPU.ActiveCfg = Debug|Any CPU
		{401277CD-EE0B-4C87-9203-9431A96E9F17}.Debug|Any CPU.Build.0 = Debug|Any CPU
		{401277CD-EE0B-4C87-9203-9431A96E9F17}.Release|Any CPU.ActiveCfg = Release|Any CPU
		{401277CD-EE0B-4C87-9203-9431A96E9F17}.Release|Any CPU.Build.0 = Release|Any CPU
		{CA1837B3-C2A6-4142-95D4-EBCA3AE93A9B}.Debug|Any CPU.ActiveCfg = Debug|Any CPU
		{CA1837B3-C2A6-4142-95D4-EBCA3AE93A9B}.Debug|Any CPU.Build.0 = Debug|Any CPU
		{CA1837B3-C2A6-4142-95D4-EBCA3AE93A9B}.Release|Any CPU.ActiveCfg = Release|Any CPU
		{CA1837B3-C2A6-4142-95D4-EBCA3AE93A9B}.Release|Any CPU.Build.0 = Release|Any CPU
		{2E2591C1-30E6-4317-92D4-A70FAA7DBD77}.Debug|Any CPU.ActiveCfg = Debug|Any CPU
		{2E2591C1-30E6-4317-92D4-A70FAA7DBD77}.Debug|Any CPU.Build.0 = Debug|Any CPU
		{2E2591C1-30E6-4317-92D4-A70FAA7DBD77}.Release|Any CPU.ActiveCfg = Release|Any CPU
		{2E2591C1-30E6-4317-92D4-A70FAA7DBD77}.Release|Any CPU.Build.0 = Release|Any CPU
		{B91DAC50-B9A6-4B3D-98CB-555EA6DB6639}.Debug|Any CPU.ActiveCfg = Debug|Any CPU
		{B91DAC50-B9A6-4B3D-98CB-555EA6DB6639}.Debug|Any CPU.Build.0 = Debug|Any CPU
		{B91DAC50-B9A6-4B3D-98CB-555EA6DB6639}.Release|Any CPU.ActiveCfg = Release|Any CPU
		{B91DAC50-B9A6-4B3D-98CB-555EA6DB6639}.Release|Any CPU.Build.0 = Release|Any CPU
		{0200C9E9-5B2C-43DE-AE49-04A3F29061B0}.Debug|Any CPU.ActiveCfg = Debug|Any CPU
		{0200C9E9-5B2C-43DE-AE49-04A3F29061B0}.Debug|Any CPU.Build.0 = Debug|Any CPU
		{0200C9E9-5B2C-43DE-AE49-04A3F29061B0}.Release|Any CPU.ActiveCfg = Release|Any CPU
		{0200C9E9-5B2C-43DE-AE49-04A3F29061B0}.Release|Any CPU.Build.0 = Release|Any CPU
		{83C50108-9B82-40A9-93C9-A3DAAA48A4C2}.Debug|Any CPU.ActiveCfg = Debug|Any CPU
		{83C50108-9B82-40A9-93C9-A3DAAA48A4C2}.Debug|Any CPU.Build.0 = Debug|Any CPU
		{83C50108-9B82-40A9-93C9-A3DAAA48A4C2}.Release|Any CPU.ActiveCfg = Release|Any CPU
		{83C50108-9B82-40A9-93C9-A3DAAA48A4C2}.Release|Any CPU.Build.0 = Release|Any CPU
		{080BABE8-D84F-4A9E-8282-04C3A1C9AA7C}.Debug|Any CPU.ActiveCfg = Debug|Any CPU
		{080BABE8-D84F-4A9E-8282-04C3A1C9AA7C}.Debug|Any CPU.Build.0 = Debug|Any CPU
		{080BABE8-D84F-4A9E-8282-04C3A1C9AA7C}.Release|Any CPU.ActiveCfg = Release|Any CPU
		{080BABE8-D84F-4A9E-8282-04C3A1C9AA7C}.Release|Any CPU.Build.0 = Release|Any CPU
		{1BC8CA12-6634-4811-BBC4-F4CF9CE12C6E}.Debug|Any CPU.ActiveCfg = Debug|Any CPU
		{1BC8CA12-6634-4811-BBC4-F4CF9CE12C6E}.Debug|Any CPU.Build.0 = Debug|Any CPU
		{1BC8CA12-6634-4811-BBC4-F4CF9CE12C6E}.Release|Any CPU.ActiveCfg = Release|Any CPU
		{1BC8CA12-6634-4811-BBC4-F4CF9CE12C6E}.Release|Any CPU.Build.0 = Release|Any CPU
		{4A3F0918-0EA9-4A8B-A240-1B66E19B6CC3}.Debug|Any CPU.ActiveCfg = Debug|Any CPU
		{4A3F0918-0EA9-4A8B-A240-1B66E19B6CC3}.Debug|Any CPU.Build.0 = Debug|Any CPU
		{4A3F0918-0EA9-4A8B-A240-1B66E19B6CC3}.Release|Any CPU.ActiveCfg = Release|Any CPU
		{4A3F0918-0EA9-4A8B-A240-1B66E19B6CC3}.Release|Any CPU.Build.0 = Release|Any CPU
		{91DE44FC-B994-4E22-B508-43F69928671C}.Debug|Any CPU.ActiveCfg = Debug|Any CPU
		{91DE44FC-B994-4E22-B508-43F69928671C}.Debug|Any CPU.Build.0 = Debug|Any CPU
		{91DE44FC-B994-4E22-B508-43F69928671C}.Release|Any CPU.ActiveCfg = Release|Any CPU
		{91DE44FC-B994-4E22-B508-43F69928671C}.Release|Any CPU.Build.0 = Release|Any CPU
		{B9153732-F8CF-40D8-9746-DE7CFEA14CDB}.Debug|Any CPU.ActiveCfg = Debug|Any CPU
		{B9153732-F8CF-40D8-9746-DE7CFEA14CDB}.Debug|Any CPU.Build.0 = Debug|Any CPU
		{B9153732-F8CF-40D8-9746-DE7CFEA14CDB}.Release|Any CPU.ActiveCfg = Release|Any CPU
		{B9153732-F8CF-40D8-9746-DE7CFEA14CDB}.Release|Any CPU.Build.0 = Release|Any CPU
		{079BBCEC-46D8-40CE-B649-94F8A1F95122}.Debug|Any CPU.ActiveCfg = Debug|Any CPU
		{079BBCEC-46D8-40CE-B649-94F8A1F95122}.Debug|Any CPU.Build.0 = Debug|Any CPU
		{079BBCEC-46D8-40CE-B649-94F8A1F95122}.Release|Any CPU.ActiveCfg = Release|Any CPU
		{079BBCEC-46D8-40CE-B649-94F8A1F95122}.Release|Any CPU.Build.0 = Release|Any CPU
		{35655D8C-5FF8-42A4-9E83-FF7ACB542FF4}.Debug|Any CPU.ActiveCfg = Debug|Any CPU
		{35655D8C-5FF8-42A4-9E83-FF7ACB542FF4}.Debug|Any CPU.Build.0 = Debug|Any CPU
		{35655D8C-5FF8-42A4-9E83-FF7ACB542FF4}.Release|Any CPU.ActiveCfg = Release|Any CPU
		{35655D8C-5FF8-42A4-9E83-FF7ACB542FF4}.Release|Any CPU.Build.0 = Release|Any CPU
		{FFBFE028-5FA2-4E88-8519-5D406A1B36C7}.Debug|Any CPU.ActiveCfg = Debug|Any CPU
		{FFBFE028-5FA2-4E88-8519-5D406A1B36C7}.Debug|Any CPU.Build.0 = Debug|Any CPU
		{FFBFE028-5FA2-4E88-8519-5D406A1B36C7}.Release|Any CPU.ActiveCfg = Release|Any CPU
		{FFBFE028-5FA2-4E88-8519-5D406A1B36C7}.Release|Any CPU.Build.0 = Release|Any CPU
		{7F68B11A-94FC-48DE-A077-86F71349574D}.Debug|Any CPU.ActiveCfg = Debug|Any CPU
		{7F68B11A-94FC-48DE-A077-86F71349574D}.Debug|Any CPU.Build.0 = Debug|Any CPU
		{7F68B11A-94FC-48DE-A077-86F71349574D}.Release|Any CPU.ActiveCfg = Release|Any CPU
		{7F68B11A-94FC-48DE-A077-86F71349574D}.Release|Any CPU.Build.0 = Release|Any CPU
		{A3965669-E7C2-42C2-8CC5-99A0EEFD61F8}.Debug|Any CPU.ActiveCfg = Debug|Any CPU
		{A3965669-E7C2-42C2-8CC5-99A0EEFD61F8}.Debug|Any CPU.Build.0 = Debug|Any CPU
		{A3965669-E7C2-42C2-8CC5-99A0EEFD61F8}.Release|Any CPU.ActiveCfg = Release|Any CPU
		{A3965669-E7C2-42C2-8CC5-99A0EEFD61F8}.Release|Any CPU.Build.0 = Release|Any CPU
	EndGlobalSection
	GlobalSection(SolutionProperties) = preSolution
		HideSolutionNode = FALSE
	EndGlobalSection
	GlobalSection(ExtensibilityGlobals) = postSolution
		SolutionGuid = {71D63612-7D9E-4ACF-93E7-4AF6ADDD0FCA}
	EndGlobalSection
EndGlobal
